// !$*UTF8*$!
{
	archiveVersion = 1;
	classes = {
	};
	objectVersion = 56;
	objects = {

/* Begin PBXBuildFile section */
		63733CEC2C57497900B2BDDD /* ShoppingApp.swift in Sources */ = {isa = PBXBuildFile; fileRef = 63733CEB2C57497900B2BDDD /* ShoppingApp.swift */; };
		63733CEE2C57497900B2BDDD /* ContentView.swift in Sources */ = {isa = PBXBuildFile; fileRef = 63733CED2C57497900B2BDDD /* ContentView.swift */; };
		63733CF02C57497A00B2BDDD /* Assets.xcassets in Resources */ = {isa = PBXBuildFile; fileRef = 63733CEF2C57497A00B2BDDD /* Assets.xcassets */; };
		63733CF32C57497A00B2BDDD /* Preview Assets.xcassets in Resources */ = {isa = PBXBuildFile; fileRef = 63733CF22C57497A00B2BDDD /* Preview Assets.xcassets */; };
		63733CFD2C5889FB00B2BDDD /* Category.swift in Sources */ = {isa = PBXBuildFile; fileRef = 63733CFC2C5889FB00B2BDDD /* Category.swift */; };
		63733CFF2C588AE300B2BDDD /* Product.swift in Sources */ = {isa = PBXBuildFile; fileRef = 63733CFE2C588AE300B2BDDD /* Product.swift */; };
		63733D022C588CD500B2BDDD /* PersistenceInteractor.swift in Sources */ = {isa = PBXBuildFile; fileRef = 63733D012C588CD500B2BDDD /* PersistenceInteractor.swift */; };
		63733D042C58962B00B2BDDD /* CategoriesPreview.json in Resources */ = {isa = PBXBuildFile; fileRef = 63733D032C58962B00B2BDDD /* CategoriesPreview.json */; };
		63733D062C58980800B2BDDD /* ProductsPreview.json in Resources */ = {isa = PBXBuildFile; fileRef = 63733D052C58980800B2BDDD /* ProductsPreview.json */; };
		63733D082C58981D00B2BDDD /* PreviewPersistence.swift in Sources */ = {isa = PBXBuildFile; fileRef = 63733D072C58981D00B2BDDD /* PreviewPersistence.swift */; };
		63733D0B2C589B3700B2BDDD /* ProductsLogic.swift in Sources */ = {isa = PBXBuildFile; fileRef = 63733D0A2C589B3700B2BDDD /* ProductsLogic.swift */; };
		63733D0E2C589C2D00B2BDDD /* ViewModel.swift in Sources */ = {isa = PBXBuildFile; fileRef = 63733D0D2C589C2D00B2BDDD /* ViewModel.swift */; };
		63733D102C589C4A00B2BDDD /* CategoriesLogic.swift in Sources */ = {isa = PBXBuildFile; fileRef = 63733D0F2C589C4A00B2BDDD /* CategoriesLogic.swift */; };
		63733D122C589E7A00B2BDDD /* MainView.swift in Sources */ = {isa = PBXBuildFile; fileRef = 63733D112C589E7A00B2BDDD /* MainView.swift */; };
		63733D142C589ECA00B2BDDD /* CategoryBanner.swift in Sources */ = {isa = PBXBuildFile; fileRef = 63733D132C589ECA00B2BDDD /* CategoryBanner.swift */; };
		63733D172C5DFEB600B2BDDD /* ISO8601WithFractionalSecondsDateDecoder.swift in Sources */ = {isa = PBXBuildFile; fileRef = 63733D162C5DFEB600B2BDDD /* ISO8601WithFractionalSecondsDateDecoder.swift */; };
		63733D192C5E093D00B2BDDD /* CategoriesCarousel.swift in Sources */ = {isa = PBXBuildFile; fileRef = 63733D182C5E093D00B2BDDD /* CategoriesCarousel.swift */; };
		63733D1B2C5E21E100B2BDDD /* LandingView.swift in Sources */ = {isa = PBXBuildFile; fileRef = 63733D1A2C5E21E100B2BDDD /* LandingView.swift */; };
		63733D1E2C5E27B700B2BDDD /* ProductCard.swift in Sources */ = {isa = PBXBuildFile; fileRef = 63733D1D2C5E27B700B2BDDD /* ProductCard.swift */; };
		63733D202C5E325500B2BDDD /* ProductsGrid.swift in Sources */ = {isa = PBXBuildFile; fileRef = 63733D1F2C5E325500B2BDDD /* ProductsGrid.swift */; };
/* End PBXBuildFile section */

/* Begin PBXFileReference section */
		63733CE82C57497900B2BDDD /* Shopping.app */ = {isa = PBXFileReference; explicitFileType = wrapper.application; includeInIndex = 0; path = Shopping.app; sourceTree = BUILT_PRODUCTS_DIR; };
		63733CEB2C57497900B2BDDD /* ShoppingApp.swift */ = {isa = PBXFileReference; lastKnownFileType = sourcecode.swift; path = ShoppingApp.swift; sourceTree = "<group>"; };
		63733CED2C57497900B2BDDD /* ContentView.swift */ = {isa = PBXFileReference; lastKnownFileType = sourcecode.swift; path = ContentView.swift; sourceTree = "<group>"; };
		63733CEF2C57497A00B2BDDD /* Assets.xcassets */ = {isa = PBXFileReference; lastKnownFileType = folder.assetcatalog; path = Assets.xcassets; sourceTree = "<group>"; };
		63733CF22C57497A00B2BDDD /* Preview Assets.xcassets */ = {isa = PBXFileReference; lastKnownFileType = folder.assetcatalog; path = "Preview Assets.xcassets"; sourceTree = "<group>"; };
		63733CFC2C5889FB00B2BDDD /* Category.swift */ = {isa = PBXFileReference; lastKnownFileType = sourcecode.swift; path = Category.swift; sourceTree = "<group>"; };
		63733CFE2C588AE300B2BDDD /* Product.swift */ = {isa = PBXFileReference; lastKnownFileType = sourcecode.swift; path = Product.swift; sourceTree = "<group>"; };
		63733D012C588CD500B2BDDD /* PersistenceInteractor.swift */ = {isa = PBXFileReference; lastKnownFileType = sourcecode.swift; path = PersistenceInteractor.swift; sourceTree = "<group>"; };
		63733D032C58962B00B2BDDD /* CategoriesPreview.json */ = {isa = PBXFileReference; fileEncoding = 4; lastKnownFileType = text.json; path = CategoriesPreview.json; sourceTree = "<group>"; };
		63733D052C58980800B2BDDD /* ProductsPreview.json */ = {isa = PBXFileReference; fileEncoding = 4; lastKnownFileType = text.json; path = ProductsPreview.json; sourceTree = "<group>"; };
		63733D072C58981D00B2BDDD /* PreviewPersistence.swift */ = {isa = PBXFileReference; lastKnownFileType = sourcecode.swift; path = PreviewPersistence.swift; sourceTree = "<group>"; };
		63733D0A2C589B3700B2BDDD /* ProductsLogic.swift */ = {isa = PBXFileReference; lastKnownFileType = sourcecode.swift; path = ProductsLogic.swift; sourceTree = "<group>"; };
		63733D0D2C589C2D00B2BDDD /* ViewModel.swift */ = {isa = PBXFileReference; lastKnownFileType = sourcecode.swift; path = ViewModel.swift; sourceTree = "<group>"; };
		63733D0F2C589C4A00B2BDDD /* CategoriesLogic.swift */ = {isa = PBXFileReference; lastKnownFileType = sourcecode.swift; path = CategoriesLogic.swift; sourceTree = "<group>"; };
		63733D112C589E7A00B2BDDD /* MainView.swift */ = {isa = PBXFileReference; lastKnownFileType = sourcecode.swift; path = MainView.swift; sourceTree = "<group>"; };
		63733D132C589ECA00B2BDDD /* CategoryBanner.swift */ = {isa = PBXFileReference; lastKnownFileType = sourcecode.swift; path = CategoryBanner.swift; sourceTree = "<group>"; };
		63733D162C5DFEB600B2BDDD /* ISO8601WithFractionalSecondsDateDecoder.swift */ = {isa = PBXFileReference; lastKnownFileType = sourcecode.swift; path = ISO8601WithFractionalSecondsDateDecoder.swift; sourceTree = "<group>"; };
		63733D182C5E093D00B2BDDD /* CategoriesCarousel.swift */ = {isa = PBXFileReference; lastKnownFileType = sourcecode.swift; path = CategoriesCarousel.swift; sourceTree = "<group>"; };
		63733D1A2C5E21E100B2BDDD /* LandingView.swift */ = {isa = PBXFileReference; lastKnownFileType = sourcecode.swift; path = LandingView.swift; sourceTree = "<group>"; };
		63733D1D2C5E27B700B2BDDD /* ProductCard.swift */ = {isa = PBXFileReference; lastKnownFileType = sourcecode.swift; path = ProductCard.swift; sourceTree = "<group>"; };
		63733D1F2C5E325500B2BDDD /* ProductsGrid.swift */ = {isa = PBXFileReference; lastKnownFileType = sourcecode.swift; path = ProductsGrid.swift; sourceTree = "<group>"; };
/* End PBXFileReference section */

/* Begin PBXFrameworksBuildPhase section */
		63733CE52C57497900B2BDDD /* Frameworks */ = {
			isa = PBXFrameworksBuildPhase;
			buildActionMask = 2147483647;
			files = (
			);
			runOnlyForDeploymentPostprocessing = 0;
		};
/* End PBXFrameworksBuildPhase section */

/* Begin PBXGroup section */
		63733CDF2C57497900B2BDDD = {
			isa = PBXGroup;
			children = (
				63733CEA2C57497900B2BDDD /* Shopping */,
				63733CE92C57497900B2BDDD /* Products */,
			);
			sourceTree = "<group>";
		};
		63733CE92C57497900B2BDDD /* Products */ = {
			isa = PBXGroup;
			children = (
				63733CE82C57497900B2BDDD /* Shopping.app */,
			);
			name = Products;
			sourceTree = "<group>";
		};
		63733CEA2C57497900B2BDDD /* Shopping */ = {
			isa = PBXGroup;
			children = (
				63733D152C5DFE4800B2BDDD /* Utils */,
				63733CEB2C57497900B2BDDD /* ShoppingApp.swift */,
				63733D0C2C589C2300B2BDDD /* ViewModel */,
				63733D092C589B2800B2BDDD /* ModelLogic */,
				63733D002C588CC500B2BDDD /* Interactor */,
				63733CFB2C5889C700B2BDDD /* Model */,
				63733CFA2C58899200B2BDDD /* Views */,
				63733CF92C58897D00B2BDDD /* Resources */,
				63733CF12C57497A00B2BDDD /* Preview Content */,
			);
			path = Shopping;
			sourceTree = "<group>";
		};
		63733CF12C57497A00B2BDDD /* Preview Content */ = {
			isa = PBXGroup;
			children = (
				63733D052C58980800B2BDDD /* ProductsPreview.json */,
				63733D032C58962B00B2BDDD /* CategoriesPreview.json */,
				63733CF22C57497A00B2BDDD /* Preview Assets.xcassets */,
				63733D072C58981D00B2BDDD /* PreviewPersistence.swift */,
			);
			path = "Preview Content";
			sourceTree = "<group>";
		};
		63733CF92C58897D00B2BDDD /* Resources */ = {
			isa = PBXGroup;
			children = (
				63733CEF2C57497A00B2BDDD /* Assets.xcassets */,
			);
			name = Resources;
			sourceTree = "<group>";
		};
		63733CFA2C58899200B2BDDD /* Views */ = {
			isa = PBXGroup;
			children = (
				63733CED2C57497900B2BDDD /* ContentView.swift */,
				63733D112C589E7A00B2BDDD /* MainView.swift */,
				63733D132C589ECA00B2BDDD /* CategoryBanner.swift */,
				63733D182C5E093D00B2BDDD /* CategoriesCarousel.swift */,
				63733D1A2C5E21E100B2BDDD /* LandingView.swift */,
				63733D1D2C5E27B700B2BDDD /* ProductCard.swift */,
				63733D1F2C5E325500B2BDDD /* ProductsGrid.swift */,
			);
			name = Views;
			sourceTree = "<group>";
		};
		63733CFB2C5889C700B2BDDD /* Model */ = {
			isa = PBXGroup;
			children = (
				63733CFC2C5889FB00B2BDDD /* Category.swift */,
				63733CFE2C588AE300B2BDDD /* Product.swift */,
			);
			name = Model;
			sourceTree = "<group>";
		};
		63733D002C588CC500B2BDDD /* Interactor */ = {
			isa = PBXGroup;
			children = (
				63733D012C588CD500B2BDDD /* PersistenceInteractor.swift */,
			);
			name = Interactor;
			sourceTree = "<group>";
		};
		63733D092C589B2800B2BDDD /* ModelLogic */ = {
			isa = PBXGroup;
			children = (
				63733D0A2C589B3700B2BDDD /* ProductsLogic.swift */,
				63733D0F2C589C4A00B2BDDD /* CategoriesLogic.swift */,
			);
			name = ModelLogic;
			sourceTree = "<group>";
		};
		63733D0C2C589C2300B2BDDD /* ViewModel */ = {
			isa = PBXGroup;
			children = (
				63733D0D2C589C2D00B2BDDD /* ViewModel.swift */,
			);
			name = ViewModel;
			sourceTree = "<group>";
		};
		63733D152C5DFE4800B2BDDD /* Utils */ = {
			isa = PBXGroup;
			children = (
				63733D162C5DFEB600B2BDDD /* ISO8601WithFractionalSecondsDateDecoder.swift */,
			);
			name = Utils;
			sourceTree = "<group>";
		};
/* End PBXGroup section */

/* Begin PBXNativeTarget section */
		63733CE72C57497900B2BDDD /* Shopping */ = {
			isa = PBXNativeTarget;
			buildConfigurationList = 63733CF62C57497A00B2BDDD /* Build configuration list for PBXNativeTarget "Shopping" */;
			buildPhases = (
				63733CE42C57497900B2BDDD /* Sources */,
				63733CE52C57497900B2BDDD /* Frameworks */,
				63733CE62C57497900B2BDDD /* Resources */,
			);
			buildRules = (
			);
			dependencies = (
			);
			name = Shopping;
			productName = Shopping;
			productReference = 63733CE82C57497900B2BDDD /* Shopping.app */;
			productType = "com.apple.product-type.application";
		};
/* End PBXNativeTarget section */

/* Begin PBXProject section */
		63733CE02C57497900B2BDDD /* Project object */ = {
			isa = PBXProject;
			attributes = {
				BuildIndependentTargetsInParallel = 1;
				LastSwiftUpdateCheck = 1540;
				LastUpgradeCheck = 1540;
				TargetAttributes = {
					63733CE72C57497900B2BDDD = {
						CreatedOnToolsVersion = 15.4;
					};
				};
			};
			buildConfigurationList = 63733CE32C57497900B2BDDD /* Build configuration list for PBXProject "Shopping" */;
			compatibilityVersion = "Xcode 14.0";
			developmentRegion = en;
			hasScannedForEncodings = 0;
			knownRegions = (
				en,
				Base,
			);
			mainGroup = 63733CDF2C57497900B2BDDD;
			productRefGroup = 63733CE92C57497900B2BDDD /* Products */;
			projectDirPath = "";
			projectRoot = "";
			targets = (
				63733CE72C57497900B2BDDD /* Shopping */,
			);
		};
/* End PBXProject section */

/* Begin PBXResourcesBuildPhase section */
		63733CE62C57497900B2BDDD /* Resources */ = {
			isa = PBXResourcesBuildPhase;
			buildActionMask = 2147483647;
			files = (
				63733CF32C57497A00B2BDDD /* Preview Assets.xcassets in Resources */,
				63733D042C58962B00B2BDDD /* CategoriesPreview.json in Resources */,
				63733D062C58980800B2BDDD /* ProductsPreview.json in Resources */,
				63733CF02C57497A00B2BDDD /* Assets.xcassets in Resources */,
			);
			runOnlyForDeploymentPostprocessing = 0;
		};
/* End PBXResourcesBuildPhase section */

/* Begin PBXSourcesBuildPhase section */
		63733CE42C57497900B2BDDD /* Sources */ = {
			isa = PBXSourcesBuildPhase;
			buildActionMask = 2147483647;
			files = (
				63733D0B2C589B3700B2BDDD /* ProductsLogic.swift in Sources */,
				63733CEE2C57497900B2BDDD /* ContentView.swift in Sources */,
				63733D1B2C5E21E100B2BDDD /* LandingView.swift in Sources */,
				63733CFF2C588AE300B2BDDD /* Product.swift in Sources */,
				63733D142C589ECA00B2BDDD /* CategoryBanner.swift in Sources */,
				63733D172C5DFEB600B2BDDD /* ISO8601WithFractionalSecondsDateDecoder.swift in Sources */,
				63733D122C589E7A00B2BDDD /* MainView.swift in Sources */,
				63733D202C5E325500B2BDDD /* ProductsGrid.swift in Sources */,
				63733CEC2C57497900B2BDDD /* ShoppingApp.swift in Sources */,
				63733D1E2C5E27B700B2BDDD /* ProductCard.swift in Sources */,
				63733D022C588CD500B2BDDD /* PersistenceInteractor.swift in Sources */,
				63733D082C58981D00B2BDDD /* PreviewPersistence.swift in Sources */,
				63733D0E2C589C2D00B2BDDD /* ViewModel.swift in Sources */,
				63733CFD2C5889FB00B2BDDD /* Category.swift in Sources */,
				63733D192C5E093D00B2BDDD /* CategoriesCarousel.swift in Sources */,
				63733D102C589C4A00B2BDDD /* CategoriesLogic.swift in Sources */,
			);
			runOnlyForDeploymentPostprocessing = 0;
		};
/* End PBXSourcesBuildPhase section */

/* Begin XCBuildConfiguration section */
		63733CF42C57497A00B2BDDD /* Debug */ = {
			isa = XCBuildConfiguration;
			buildSettings = {
				ALWAYS_SEARCH_USER_PATHS = NO;
				ASSETCATALOG_COMPILER_GENERATE_SWIFT_ASSET_SYMBOL_EXTENSIONS = YES;
				CLANG_ANALYZER_NONNULL = YES;
				CLANG_ANALYZER_NUMBER_OBJECT_CONVERSION = YES_AGGRESSIVE;
				CLANG_CXX_LANGUAGE_STANDARD = "gnu++20";
				CLANG_ENABLE_MODULES = YES;
				CLANG_ENABLE_OBJC_ARC = YES;
				CLANG_ENABLE_OBJC_WEAK = YES;
				CLANG_WARN_BLOCK_CAPTURE_AUTORELEASING = YES;
				CLANG_WARN_BOOL_CONVERSION = YES;
				CLANG_WARN_COMMA = YES;
				CLANG_WARN_CONSTANT_CONVERSION = YES;
				CLANG_WARN_DEPRECATED_OBJC_IMPLEMENTATIONS = YES;
				CLANG_WARN_DIRECT_OBJC_ISA_USAGE = YES_ERROR;
				CLANG_WARN_DOCUMENTATION_COMMENTS = YES;
				CLANG_WARN_EMPTY_BODY = YES;
				CLANG_WARN_ENUM_CONVERSION = YES;
				CLANG_WARN_INFINITE_RECURSION = YES;
				CLANG_WARN_INT_CONVERSION = YES;
				CLANG_WARN_NON_LITERAL_NULL_CONVERSION = YES;
				CLANG_WARN_OBJC_IMPLICIT_RETAIN_SELF = YES;
				CLANG_WARN_OBJC_LITERAL_CONVERSION = YES;
				CLANG_WARN_OBJC_ROOT_CLASS = YES_ERROR;
				CLANG_WARN_QUOTED_INCLUDE_IN_FRAMEWORK_HEADER = YES;
				CLANG_WARN_RANGE_LOOP_ANALYSIS = YES;
				CLANG_WARN_STRICT_PROTOTYPES = YES;
				CLANG_WARN_SUSPICIOUS_MOVE = YES;
				CLANG_WARN_UNGUARDED_AVAILABILITY = YES_AGGRESSIVE;
				CLANG_WARN_UNREACHABLE_CODE = YES;
				CLANG_WARN__DUPLICATE_METHOD_MATCH = YES;
				COPY_PHASE_STRIP = NO;
				DEBUG_INFORMATION_FORMAT = dwarf;
				ENABLE_STRICT_OBJC_MSGSEND = YES;
				ENABLE_TESTABILITY = YES;
				ENABLE_USER_SCRIPT_SANDBOXING = YES;
				GCC_C_LANGUAGE_STANDARD = gnu17;
				GCC_DYNAMIC_NO_PIC = NO;
				GCC_NO_COMMON_BLOCKS = YES;
				GCC_OPTIMIZATION_LEVEL = 0;
				GCC_PREPROCESSOR_DEFINITIONS = (
					"DEBUG=1",
					"$(inherited)",
				);
				GCC_WARN_64_TO_32_BIT_CONVERSION = YES;
				GCC_WARN_ABOUT_RETURN_TYPE = YES_ERROR;
				GCC_WARN_UNDECLARED_SELECTOR = YES;
				GCC_WARN_UNINITIALIZED_AUTOS = YES_AGGRESSIVE;
				GCC_WARN_UNUSED_FUNCTION = YES;
				GCC_WARN_UNUSED_VARIABLE = YES;
				IPHONEOS_DEPLOYMENT_TARGET = 17.5;
				LOCALIZATION_PREFERS_STRING_CATALOGS = YES;
				MTL_ENABLE_DEBUG_INFO = INCLUDE_SOURCE;
				MTL_FAST_MATH = YES;
				ONLY_ACTIVE_ARCH = YES;
				SDKROOT = iphoneos;
				SWIFT_ACTIVE_COMPILATION_CONDITIONS = "DEBUG $(inherited)";
				SWIFT_OPTIMIZATION_LEVEL = "-Onone";
			};
			name = Debug;
		};
		63733CF52C57497A00B2BDDD /* Release */ = {
			isa = XCBuildConfiguration;
			buildSettings = {
				ALWAYS_SEARCH_USER_PATHS = NO;
				ASSETCATALOG_COMPILER_GENERATE_SWIFT_ASSET_SYMBOL_EXTENSIONS = YES;
				CLANG_ANALYZER_NONNULL = YES;
				CLANG_ANALYZER_NUMBER_OBJECT_CONVERSION = YES_AGGRESSIVE;
				CLANG_CXX_LANGUAGE_STANDARD = "gnu++20";
				CLANG_ENABLE_MODULES = YES;
				CLANG_ENABLE_OBJC_ARC = YES;
				CLANG_ENABLE_OBJC_WEAK = YES;
				CLANG_WARN_BLOCK_CAPTURE_AUTORELEASING = YES;
				CLANG_WARN_BOOL_CONVERSION = YES;
				CLANG_WARN_COMMA = YES;
				CLANG_WARN_CONSTANT_CONVERSION = YES;
				CLANG_WARN_DEPRECATED_OBJC_IMPLEMENTATIONS = YES;
				CLANG_WARN_DIRECT_OBJC_ISA_USAGE = YES_ERROR;
				CLANG_WARN_DOCUMENTATION_COMMENTS = YES;
				CLANG_WARN_EMPTY_BODY = YES;
				CLANG_WARN_ENUM_CONVERSION = YES;
				CLANG_WARN_INFINITE_RECURSION = YES;
				CLANG_WARN_INT_CONVERSION = YES;
				CLANG_WARN_NON_LITERAL_NULL_CONVERSION = YES;
				CLANG_WARN_OBJC_IMPLICIT_RETAIN_SELF = YES;
				CLANG_WARN_OBJC_LITERAL_CONVERSION = YES;
				CLANG_WARN_OBJC_ROOT_CLASS = YES_ERROR;
				CLANG_WARN_QUOTED_INCLUDE_IN_FRAMEWORK_HEADER = YES;
				CLANG_WARN_RANGE_LOOP_ANALYSIS = YES;
				CLANG_WARN_STRICT_PROTOTYPES = YES;
				CLANG_WARN_SUSPICIOUS_MOVE = YES;
				CLANG_WARN_UNGUARDED_AVAILABILITY = YES_AGGRESSIVE;
				CLANG_WARN_UNREACHABLE_CODE = YES;
				CLANG_WARN__DUPLICATE_METHOD_MATCH = YES;
				COPY_PHASE_STRIP = NO;
				DEBUG_INFORMATION_FORMAT = "dwarf-with-dsym";
				ENABLE_NS_ASSERTIONS = NO;
				ENABLE_STRICT_OBJC_MSGSEND = YES;
				ENABLE_USER_SCRIPT_SANDBOXING = YES;
				GCC_C_LANGUAGE_STANDARD = gnu17;
				GCC_NO_COMMON_BLOCKS = YES;
				GCC_WARN_64_TO_32_BIT_CONVERSION = YES;
				GCC_WARN_ABOUT_RETURN_TYPE = YES_ERROR;
				GCC_WARN_UNDECLARED_SELECTOR = YES;
				GCC_WARN_UNINITIALIZED_AUTOS = YES_AGGRESSIVE;
				GCC_WARN_UNUSED_FUNCTION = YES;
				GCC_WARN_UNUSED_VARIABLE = YES;
				IPHONEOS_DEPLOYMENT_TARGET = 17.5;
				LOCALIZATION_PREFERS_STRING_CATALOGS = YES;
				MTL_ENABLE_DEBUG_INFO = NO;
				MTL_FAST_MATH = YES;
				SDKROOT = iphoneos;
				SWIFT_COMPILATION_MODE = wholemodule;
				VALIDATE_PRODUCT = YES;
			};
			name = Release;
		};
		63733CF72C57497A00B2BDDD /* Debug */ = {
			isa = XCBuildConfiguration;
			buildSettings = {
				ASSETCATALOG_COMPILER_APPICON_NAME = AppIcon;
				ASSETCATALOG_COMPILER_GLOBAL_ACCENT_COLOR_NAME = AccentColor;
				CODE_SIGN_STYLE = Automatic;
				CURRENT_PROJECT_VERSION = 1;
				DEVELOPMENT_ASSET_PATHS = "\"Shopping/Preview Content\"";
				DEVELOPMENT_TEAM = N346D2C4J7;
				ENABLE_PREVIEWS = YES;
				GENERATE_INFOPLIST_FILE = YES;
				INFOPLIST_KEY_UIApplicationSceneManifest_Generation = YES;
				INFOPLIST_KEY_UIApplicationSupportsIndirectInputEvents = YES;
				INFOPLIST_KEY_UILaunchScreen_Generation = YES;
				INFOPLIST_KEY_UISupportedInterfaceOrientations_iPad = "UIInterfaceOrientationPortrait UIInterfaceOrientationPortraitUpsideDown UIInterfaceOrientationLandscapeLeft UIInterfaceOrientationLandscapeRight";
				INFOPLIST_KEY_UISupportedInterfaceOrientations_iPhone = "UIInterfaceOrientationPortrait UIInterfaceOrientationLandscapeLeft UIInterfaceOrientationLandscapeRight";
				LD_RUNPATH_SEARCH_PATHS = (
					"$(inherited)",
					"@executable_path/Frameworks",
				);
				MARKETING_VERSION = 1.0;
				PRODUCT_BUNDLE_IDENTIFIER = dev.pastelcode.Shopping;
				PRODUCT_NAME = "$(TARGET_NAME)";
				SWIFT_EMIT_LOC_STRINGS = YES;
				SWIFT_VERSION = 5.0;
				TARGETED_DEVICE_FAMILY = "1,2";
			};
			name = Debug;
		};
		63733CF82C57497A00B2BDDD /* Release */ = {
			isa = XCBuildConfiguration;
			buildSettings = {
				ASSETCATALOG_COMPILER_APPICON_NAME = AppIcon;
				ASSETCATALOG_COMPILER_GLOBAL_ACCENT_COLOR_NAME = AccentColor;
				CODE_SIGN_STYLE = Automatic;
				CURRENT_PROJECT_VERSION = 1;
				DEVELOPMENT_ASSET_PATHS = "\"Shopping/Preview Content\"";
				DEVELOPMENT_TEAM = N346D2C4J7;
				ENABLE_PREVIEWS = YES;
				GENERATE_INFOPLIST_FILE = YES;
				INFOPLIST_KEY_UIApplicationSceneManifest_Generation = YES;
				INFOPLIST_KEY_UIApplicationSupportsIndirectInputEvents = YES;
				INFOPLIST_KEY_UILaunchScreen_Generation = YES;
				INFOPLIST_KEY_UISupportedInterfaceOrientations_iPad = "UIInterfaceOrientationPortrait UIInterfaceOrientationPortraitUpsideDown UIInterfaceOrientationLandscapeLeft UIInterfaceOrientationLandscapeRight";
				INFOPLIST_KEY_UISupportedInterfaceOrientations_iPhone = "UIInterfaceOrientationPortrait UIInterfaceOrientationLandscapeLeft UIInterfaceOrientationLandscapeRight";
				LD_RUNPATH_SEARCH_PATHS = (
					"$(inherited)",
					"@executable_path/Frameworks",
				);
				MARKETING_VERSION = 1.0;
				PRODUCT_BUNDLE_IDENTIFIER = dev.pastelcode.Shopping;
				PRODUCT_NAME = "$(TARGET_NAME)";
				SWIFT_EMIT_LOC_STRINGS = YES;
				SWIFT_VERSION = 5.0;
				TARGETED_DEVICE_FAMILY = "1,2";
			};
			name = Release;
		};
/* End XCBuildConfiguration section */

/* Begin XCConfigurationList section */
		63733CE32C57497900B2BDDD /* Build configuration list for PBXProject "Shopping" */ = {
			isa = XCConfigurationList;
			buildConfigurations = (
				63733CF42C57497A00B2BDDD /* Debug */,
				63733CF52C57497A00B2BDDD /* Release */,
			);
			defaultConfigurationIsVisible = 0;
			defaultConfigurationName = Release;
		};
		63733CF62C57497A00B2BDDD /* Build configuration list for PBXNativeTarget "Shopping" */ = {
			isa = XCConfigurationList;
			buildConfigurations = (
				63733CF72C57497A00B2BDDD /* Debug */,
				63733CF82C57497A00B2BDDD /* Release */,
			);
			defaultConfigurationIsVisible = 0;
			defaultConfigurationName = Release;
		};
/* End XCConfigurationList section */
	};
	rootObject = 63733CE02C57497900B2BDDD /* Project object */;
}
